<?xml version="1.0" encoding="utf-8"?>
<Project ToolsVersion="4.0" xmlns="http://schemas.microsoft.com/developer/msbuild/2003">
  <ItemGroup>
    <Filter Include="Fichiers d%27en-tête">
      <UniqueIdentifier>{93995380-89BD-4b04-88EB-625FBE52EBFB}</UniqueIdentifier>
      <Extensions>h;hh;hpp;hxx;h++;hm;inl;inc;ipp;xsd</Extensions>
    </Filter>
    <Filter Include="Fichiers de ressources">
      <UniqueIdentifier>{67DA6AB6-F800-4c08-8B7A-83BB121AAD01}</UniqueIdentifier>
      <Extensions>rc;ico;cur;bmp;dlg;rc2;rct;bin;rgs;gif;jpg;jpeg;jpe;resx;tiff;tif;png;wav;mfcribbon-ms</Extensions>
    </Filter>
    <Filter Include="Fichiers d%27en-tête\Menu">
      <UniqueIdentifier>{1cf8b976-7a6a-4eb9-b19b-8f4aba1e13c3}</UniqueIdentifier>
    </Filter>
    <Filter Include="Fichiers d%27en-tête\Space Invader">
      <UniqueIdentifier>{6bdc0b76-67d9-4a22-b86c-9ca59fa95065}</UniqueIdentifier>
    </Filter>
    <Filter Include="Fichiers d%27en-tête\PacMan">
      <UniqueIdentifier>{bd189543-7a16-49fc-92fe-6c33757674a7}</UniqueIdentifier>
    </Filter>
    <Filter Include="Fichiers d%27en-tête\Lunar Lander">
      <UniqueIdentifier>{4ebbd2e7-6778-4898-ab4c-16f35bbe46ec}</UniqueIdentifier>
    </Filter>
    <Filter Include="Fichiers d%27en-tête\Asteroid">
      <UniqueIdentifier>{7c8ba2ee-e92f-4e9d-884e-e54f2b40e390}</UniqueIdentifier>
    </Filter>
    <Filter Include="Fichiers d%27en-tête\Tetris">
      <UniqueIdentifier>{e8af0b0b-9552-4126-b2b8-ad0fc58d1b94}</UniqueIdentifier>
    </Filter>
    <Filter Include="Fichiers d%27en-tête\Tron">
      <UniqueIdentifier>{18980b8f-afe8-4155-9fe0-51c14bf2e478}</UniqueIdentifier>
    </Filter>
    <Filter Include="Fichiers d%27en-tête\Asteroid\Aste_Enemies">
      <UniqueIdentifier>{7fa2f481-5a88-4b65-b62d-0d106bf9dcd3}</UniqueIdentifier>
    </Filter>
    <Filter Include="Fichiers sources">
      <UniqueIdentifier>{4FC737F1-C7A5-4376-A066-2A32D752A2FF}</UniqueIdentifier>
      <Extensions>cpp;c;cc;cxx;c++;def;odl;idl;hpj;bat;asm;asmx</Extensions>
    </Filter>
    <Filter Include="Fichiers sources\Menu">
      <UniqueIdentifier>{50384bea-8f6e-448e-b68b-2e163d279a3d}</UniqueIdentifier>
    </Filter>
    <Filter Include="Fichiers sources\Asteroid">
      <UniqueIdentifier>{3d1032b2-7cf4-49bb-8d42-b439de103b68}</UniqueIdentifier>
    </Filter>
    <Filter Include="Fichiers sources\Asteroid\Aste_Enemies">
      <UniqueIdentifier>{67ca7a77-0754-4049-86cb-39a44c525a41}</UniqueIdentifier>
    </Filter>
    <Filter Include="Fichiers sources\Lunar Lander">
      <UniqueIdentifier>{decced34-78de-43a6-95ed-9fee98dae8af}</UniqueIdentifier>
    </Filter>
    <Filter Include="Fichiers sources\PacMan">
      <UniqueIdentifier>{09c5663d-274c-4e80-90d7-b604fd3329e0}</UniqueIdentifier>
    </Filter>
    <Filter Include="Fichiers sources\Space Invader">
      <UniqueIdentifier>{0d79687f-9da8-4c0a-a63f-45a4572952a1}</UniqueIdentifier>
    </Filter>
    <Filter Include="Fichiers sources\Tetris">
      <UniqueIdentifier>{03ccd7eb-1a6e-4845-a82b-a28af9448735}</UniqueIdentifier>
    </Filter>
    <Filter Include="Fichiers sources\Tron">
      <UniqueIdentifier>{69762c6f-3c5c-4b46-95a1-56feab009d0d}</UniqueIdentifier>
    </Filter>
    <Filter Include="Fichiers sources\_Global">
      <UniqueIdentifier>{9a342276-552c-4058-a9fe-c837e823ffac}</UniqueIdentifier>
    </Filter>
    <Filter Include="Fichiers d%27en-tête\_Global">
      <UniqueIdentifier>{f8a28335-9f23-4f8d-aea6-21862959ebe5}</UniqueIdentifier>
    </Filter>
  </ItemGroup>
  <ItemGroup>
    <ClCompile Include="Aste_Asteroid.cpp">
      <Filter>Fichiers sources\Asteroid\Aste_Enemies</Filter>
    </ClCompile>
    <ClCompile Include="Aste_BigSaucer.cpp">
      <Filter>Fichiers sources\Asteroid\Aste_Enemies</Filter>
    </ClCompile>
    <ClCompile Include="Aste_Enemies.cpp">
      <Filter>Fichiers sources\Asteroid\Aste_Enemies</Filter>
    </ClCompile>
    <ClCompile Include="Aste_SmallSaucer.cpp">
      <Filter>Fichiers sources\Asteroid\Aste_Enemies</Filter>
    </ClCompile>
    <ClCompile Include="Aste_Player.cpp">
      <Filter>Fichiers sources\Asteroid</Filter>
    </ClCompile>
    <ClCompile Include="Aste_Manager.cpp">
      <Filter>Fichiers sources\Asteroid</Filter>
    </ClCompile>
    <ClCompile Include="Aste_Shoot.cpp">
      <Filter>Fichiers sources\Asteroid</Filter>
    </ClCompile>
    <ClCompile Include="Lunar_manager.cpp">
      <Filter>Fichiers sources\Lunar Lander</Filter>
    </ClCompile>
    <ClCompile Include="Lunar_player.cpp">
      <Filter>Fichiers sources\Lunar Lander</Filter>
    </ClCompile>
    <ClCompile Include="Pac_Personnage.cpp">
      <Filter>Fichiers sources\PacMan</Filter>
    </ClCompile>
    <ClCompile Include="Perso_Pacman.cpp">
      <Filter>Fichiers sources\PacMan</Filter>
    </ClCompile>
    <ClCompile Include="Pac_Fantomes.cpp">
      <Filter>Fichiers sources\PacMan</Filter>
    </ClCompile>
    <ClCompile Include="Pac_Bonus.cpp">
      <Filter>Fichiers sources\PacMan</Filter>
    </ClCompile>
    <ClCompile Include="Pac_Gum.cpp">
      <Filter>Fichiers sources\PacMan</Filter>
    </ClCompile>
    <ClCompile Include="SI_Joueur.cpp">
      <Filter>Fichiers sources\Space Invader</Filter>
    </ClCompile>
    <ClCompile Include="SI_Perso.cpp">
      <Filter>Fichiers sources\Space Invader</Filter>
    </ClCompile>
    <ClCompile Include="SI_Tir.cpp">
      <Filter>Fichiers sources\Space Invader</Filter>
    </ClCompile>
    <ClCompile Include="Lunar_GroundContainer.cpp">
      <Filter>Fichiers sources\Lunar Lander</Filter>
    </ClCompile>
    <ClCompile Include="Tetris_Score.cpp">
      <Filter>Fichiers sources\Tetris</Filter>
    </ClCompile>
    <ClCompile Include="Tetris_Program.cpp">
      <Filter>Fichiers sources\Tetris</Filter>
    </ClCompile>
    <ClCompile Include="Tetris_player.cpp">
      <Filter>Fichiers sources\Tetris</Filter>
    </ClCompile>
    <ClCompile Include="Tetris_Menu.cpp">
      <Filter>Fichiers sources\Tetris</Filter>
    </ClCompile>
    <ClCompile Include="Tetris_Manager.cpp">
      <Filter>Fichiers sources\Tetris</Filter>
    </ClCompile>
    <ClCompile Include="Tetris_Block.cpp">
      <Filter>Fichiers sources\Tetris</Filter>
    </ClCompile>
    <ClCompile Include="Si_Manager.cpp">
      <Filter>Fichiers sources\Space Invader</Filter>
    </ClCompile>
    <ClCompile Include="Pac_Manager.cpp">
      <Filter>Fichiers sources\PacMan</Filter>
    </ClCompile>
    <ClCompile Include="Aste_Explosion.cpp">
      <Filter>Fichiers sources\Asteroid</Filter>
    </ClCompile>
    <ClCompile Include="Aste_Lights.cpp">
      <Filter>Fichiers sources\Asteroid</Filter>
    </ClCompile>
    <ClCompile Include="SI_Ennemi.cpp">
      <Filter>Fichiers sources\Space Invader</Filter>
    </ClCompile>
    <ClCompile Include="SI_Collision.cpp">
      <Filter>Fichiers sources\Space Invader</Filter>
    </ClCompile>
    <ClCompile Include="TronJoueurs.cpp">
      <Filter>Fichiers sources\Tron</Filter>
    </ClCompile>
    <ClCompile Include="TronManager.cpp">
      <Filter>Fichiers sources\Tron</Filter>
    </ClCompile>
    <ClCompile Include="TronControles.cpp">
      <Filter>Fichiers sources\Tron</Filter>
    </ClCompile>
    <ClCompile Include="Tools.cpp">
      <Filter>Fichiers sources\_Global</Filter>
    </ClCompile>
    <ClCompile Include="Texture_SpriteManager.cpp">
      <Filter>Fichiers sources\_Global</Filter>
    </ClCompile>
    <ClCompile Include="StateManager.cpp">
      <Filter>Fichiers sources\_Global</Filter>
    </ClCompile>
    <ClCompile Include="SoundManager.cpp">
      <Filter>Fichiers sources\_Global</Filter>
    </ClCompile>
    <ClCompile Include="RessourcesManager.cpp">
      <Filter>Fichiers sources\_Global</Filter>
    </ClCompile>
    <ClCompile Include="GamePad.cpp">
      <Filter>Fichiers sources\_Global</Filter>
    </ClCompile>
    <ClCompile Include="Controles.cpp">
      <Filter>Fichiers sources\_Global</Filter>
    </ClCompile>
    <ClCompile Include="Main.cpp">
      <Filter>Fichiers sources\_Global</Filter>
    </ClCompile>
    <ClCompile Include="MenuManager.cpp">
      <Filter>Fichiers sources\Menu</Filter>
    </ClCompile>
  </ItemGroup>
  <ItemGroup>
    <ClInclude Include="Aste_Asteroid.h">
      <Filter>Fichiers d%27en-tête\Asteroid\Aste_Enemies</Filter>
    </ClInclude>
    <ClInclude Include="Aste_BigSaucer.h">
      <Filter>Fichiers d%27en-tête\Asteroid\Aste_Enemies</Filter>
    </ClInclude>
    <ClInclude Include="Aste_Enemies.h">
      <Filter>Fichiers d%27en-tête\Asteroid\Aste_Enemies</Filter>
    </ClInclude>
    <ClInclude Include="Aste_SmallSaucer.h">
      <Filter>Fichiers d%27en-tête\Asteroid\Aste_Enemies</Filter>
    </ClInclude>
    <ClInclude Include="Aste_Player.h">
      <Filter>Fichiers d%27en-tête\Asteroid</Filter>
    </ClInclude>
    <ClInclude Include="Aste_Manager.h">
      <Filter>Fichiers d%27en-tête\Asteroid</Filter>
    </ClInclude>
    <ClInclude Include="Aste_Shoot.h">
      <Filter>Fichiers d%27en-tête\Asteroid</Filter>
    </ClInclude>
    <ClInclude Include="Lunar_player.h">
      <Filter>Fichiers d%27en-tête\Lunar Lander</Filter>
    </ClInclude>
    <ClInclude Include="Lunar_manager.h">
      <Filter>Fichiers d%27en-tête\Lunar Lander</Filter>
    </ClInclude>
    <ClInclude Include="Pac_Personnage.h">
      <Filter>Fichiers d%27en-tête\PacMan</Filter>
    </ClInclude>
    <ClInclude Include="Perso_Pacman.h">
      <Filter>Fichiers d%27en-tête\PacMan</Filter>
    </ClInclude>
    <ClInclude Include="Pac_Fantomes.h">
      <Filter>Fichiers d%27en-tête\PacMan</Filter>
    </ClInclude>
    <ClInclude Include="Pac_Bonus.h">
      <Filter>Fichiers d%27en-tête\PacMan</Filter>
    </ClInclude>
    <ClInclude Include="Pac_Gum.h">
      <Filter>Fichiers d%27en-tête\PacMan</Filter>
    </ClInclude>
    <ClInclude Include="SI_Tir.h">
      <Filter>Fichiers d%27en-tête\Space Invader</Filter>
    </ClInclude>
    <ClInclude Include="SI_Joueur.h">
      <Filter>Fichiers d%27en-tête\Space Invader</Filter>
    </ClInclude>
    <ClInclude Include="SI_Perso.h">
      <Filter>Fichiers d%27en-tête\Space Invader</Filter>
    </ClInclude>
    <ClInclude Include="Lunar_GroundContainer.h">
      <Filter>Fichiers d%27en-tête\Lunar Lander</Filter>
    </ClInclude>
    <ClInclude Include="Tetris_Score.h">
      <Filter>Fichiers d%27en-tête\Tetris</Filter>
    </ClInclude>
    <ClInclude Include="Tetris_Program.h">
      <Filter>Fichiers d%27en-tête\Tetris</Filter>
    </ClInclude>
    <ClInclude Include="Tetris_player.h">
      <Filter>Fichiers d%27en-tête\Tetris</Filter>
    </ClInclude>
    <ClInclude Include="Tetris_Menu.h">
      <Filter>Fichiers d%27en-tête\Tetris</Filter>
    </ClInclude>
    <ClInclude Include="Tetris_Block.h">
      <Filter>Fichiers d%27en-tête\Tetris</Filter>
    </ClInclude>
    <ClInclude Include="Si_Manager.h">
      <Filter>Fichiers d%27en-tête\Space Invader</Filter>
    </ClInclude>
    <ClInclude Include="Pac_Manager.h">
      <Filter>Fichiers d%27en-tête\PacMan</Filter>
    </ClInclude>
    <ClInclude Include="Aste_Lights.h">
      <Filter>Fichiers d%27en-tête\Asteroid</Filter>
    </ClInclude>
    <ClInclude Include="Aste_Explosion.h">
      <Filter>Fichiers d%27en-tête\Asteroid</Filter>
    </ClInclude>
    <ClInclude Include="SI_Ennemi.h">
      <Filter>Fichiers d%27en-tête\Space Invader</Filter>
    </ClInclude>
    <ClInclude Include="SI_Collision.h">
      <Filter>Fichiers d%27en-tête\Space Invader</Filter>
    </ClInclude>
    <ClInclude Include="TronControles.h">
      <Filter>Fichiers d%27en-tête\Tron</Filter>
    </ClInclude>
    <ClInclude Include="TronJoueurs.h">
      <Filter>Fichiers d%27en-tête\Tron</Filter>
    </ClInclude>
    <ClInclude Include="TronTools.h">
      <Filter>Fichiers d%27en-tête\Tron</Filter>
    </ClInclude>
    <ClInclude Include="Tetris_Manager.h">
      <Filter>Fichiers d%27en-tête\Tetris</Filter>
    </ClInclude>
    <ClInclude Include="Controles.h">
      <Filter>Fichiers d%27en-tête\_Global</Filter>
    </ClInclude>
    <ClInclude Include="GamePad.h">
      <Filter>Fichiers d%27en-tête\_Global</Filter>
    </ClInclude>
    <ClInclude Include="pch.h">
      <Filter>Fichiers d%27en-tête\_Global</Filter>
    </ClInclude>
    <ClInclude Include="SoundManager.hpp">
      <Filter>Fichiers d%27en-tête\_Global</Filter>
    </ClInclude>
    <ClInclude Include="RessourcesManager.hpp">
      <Filter>Fichiers d%27en-tête\_Global</Filter>
    </ClInclude>
    <ClInclude Include="StateManager.hpp">
      <Filter>Fichiers d%27en-tête\_Global</Filter>
    </ClInclude>
    <ClInclude Include="Tools.hpp">
      <Filter>Fichiers d%27en-tête\_Global</Filter>
    </ClInclude>
    <ClInclude Include="Texture_SpriteManager.hpp">
      <Filter>Fichiers d%27en-tête\_Global</Filter>
    </ClInclude>
    <ClInclude Include="MenuManager.h">
      <Filter>Fichiers d%27en-tête\Menu</Filter>
    </ClInclude>
  </ItemGroup>
</Project>